
Microsoft Visual Studio Solution File, Format Version 12.00
# Visual Studio Version 16
VisualStudioVersion = 16.0.29411.108
MinimumVisualStudioVersion = 10.0.40219.1
Project("{FAE04EC0-301F-11D3-BF4B-00C04F79EFBC}") = "CompressFiles", "CompressFiles\CompressFiles.csproj", "{74764C80-0636-4E9D-AF3C-F4DDB495924D}"
EndProject
Global
	GlobalSection(SolutionConfigurationPlatforms) = preSolution
		Debug|Any CPU = Debug|Any CPU
		Release|Any CPU = Release|Any CPU
	EndGlobalSection
	GlobalSection(ProjectConfigurationPlatforms) = postSolution
		{74764C80-0636-4E9D-AF3C-F4DDB495924D}.Debug|Any CPU.ActiveCfg = Debug|Any CPU
		{74764C80-0636-4E9D-AF3C-F4DDB495924D}.Debug|Any CPU.Build.0 = Debug|Any CPU
		{74764C80-0636-4E9D-AF3C-F4DDB495924D}.Release|Any CPU.ActiveCfg = Release|Any CPU
		{74764C80-0636-4E9D-AF3C-F4DDB495924D}.Release|Any CPU.Build.0 = Release|Any CPU
	EndGlobalSection
	GlobalSection(SolutionProperties) = preSolution
		HideSolutionNode = FALSE
	EndGlobalSection
	GlobalSection(ExtensibilityGlobals) = postSolution
		SolutionGuid = {7270A828-8C12-4132-99C1-0D4F7EF6BA86}
	EndGlobalSection
EndGlobal
